// !$*UTF8*$!
{
	archiveVersion = 1;
	classes = {
	};
	objectVersion = 46;
	objects = {

/* Begin PBXBuildFile section */
		ACA019AB1AEE121D00221981 /* AppDelegate.swift in Sources */ = {isa = PBXBuildFile; fileRef = ACA019AA1AEE121D00221981 /* AppDelegate.swift */; };
		ACA019AD1AEE121D00221981 /* ViewController.swift in Sources */ = {isa = PBXBuildFile; fileRef = ACA019AC1AEE121D00221981 /* ViewController.swift */; };
		ACA019B01AEE121D00221981 /* Main.storyboard in Resources */ = {isa = PBXBuildFile; fileRef = ACA019AE1AEE121D00221981 /* Main.storyboard */; };
		ACA019B21AEE121D00221981 /* Images.xcassets in Resources */ = {isa = PBXBuildFile; fileRef = ACA019B11AEE121D00221981 /* Images.xcassets */; };
		ACA019B51AEE121D00221981 /* LaunchScreen.xib in Resources */ = {isa = PBXBuildFile; fileRef = ACA019B31AEE121D00221981 /* LaunchScreen.xib */; };
		ACA019C11AEE121D00221981 /* BiponeeTests.swift in Sources */ = {isa = PBXBuildFile; fileRef = ACA019C01AEE121D00221981 /* BiponeeTests.swift */; };
/* End PBXBuildFile section */

/* Begin PBXContainerItemProxy section */
		ACA019BB1AEE121D00221981 /* PBXContainerItemProxy */ = {
			isa = PBXContainerItemProxy;
			containerPortal = ACA0199D1AEE121D00221981 /* Project object */;
			proxyType = 1;
			remoteGlobalIDString = ACA019A41AEE121D00221981;
			remoteInfo = Biponee;
		};
/* End PBXContainerItemProxy section */

/* Begin PBXFileReference section */
		ACA019A51AEE121D00221981 /* Biponee.app */ = {isa = PBXFileReference; explicitFileType = wrapper.application; includeInIndex = 0; path = Biponee.app; sourceTree = BUILT_PRODUCTS_DIR; };
		ACA019A91AEE121D00221981 /* Info.plist */ = {isa = PBXFileReference; lastKnownFileType = text.plist.xml; path = Info.plist; sourceTree = "<group>"; };
		ACA019AA1AEE121D00221981 /* AppDelegate.swift */ = {isa = PBXFileReference; lastKnownFileType = sourcecode.swift; path = AppDelegate.swift; sourceTree = "<group>"; };
		ACA019AC1AEE121D00221981 /* ViewController.swift */ = {isa = PBXFileReference; lastKnownFileType = sourcecode.swift; path = ViewController.swift; sourceTree = "<group>"; };
		ACA019AF1AEE121D00221981 /* Base */ = {isa = PBXFileReference; lastKnownFileType = file.storyboard; name = Base; path = Base.lproj/Main.storyboard; sourceTree = "<group>"; };
		ACA019B11AEE121D00221981 /* Images.xcassets */ = {isa = PBXFileReference; lastKnownFileType = folder.assetcatalog; path = Images.xcassets; sourceTree = "<group>"; };
		ACA019B41AEE121D00221981 /* Base */ = {isa = PBXFileReference; lastKnownFileType = file.xib; name = Base; path = Base.lproj/LaunchScreen.xib; sourceTree = "<group>"; };
		ACA019BA1AEE121D00221981 /* BiponeeTests.xctest */ = {isa = PBXFileReference; explicitFileType = wrapper.cfbundle; includeInIndex = 0; path = BiponeeTests.xctest; sourceTree = BUILT_PRODUCTS_DIR; };
		ACA019BF1AEE121D00221981 /* Info.plist */ = {isa = PBXFileReference; lastKnownFileType = text.plist.xml; path = Info.plist; sourceTree = "<group>"; };
		ACA019C01AEE121D00221981 /* BiponeeTests.swift */ = {isa = PBXFileReference; lastKnownFileType = sourcecode.swift; path = BiponeeTests.swift; sourceTree = "<group>"; };
/* End PBXFileReference section */

/* Begin PBXFrameworksBuildPhase section */
		ACA019A21AEE121D00221981 /* Frameworks */ = {
			isa = PBXFrameworksBuildPhase;
			buildActionMask = 2147483647;
			files = (
			);
			runOnlyForDeploymentPostprocessing = 0;
		};
		ACA019B71AEE121D00221981 /* Frameworks */ = {
			isa = PBXFrameworksBuildPhase;
			buildActionMask = 2147483647;
			files = (
			);
			runOnlyForDeploymentPostprocessing = 0;
		};
/* End PBXFrameworksBuildPhase section */

/* Begin PBXGroup section */
		ACA0199C1AEE121D00221981 = {
			isa = PBXGroup;
			children = (
				ACA019A71AEE121D00221981 /* Biponee */,
				ACA019BD1AEE121D00221981 /* BiponeeTests */,
				ACA019A61AEE121D00221981 /* Products */,
			);
			sourceTree = "<group>";
		};
		ACA019A61AEE121D00221981 /* Products */ = {
			isa = PBXGroup;
			children = (
				ACA019A51AEE121D00221981 /* Biponee.app */,
				ACA019BA1AEE121D00221981 /* BiponeeTests.xctest */,
			);
			name = Products;
			sourceTree = "<group>";
		};
		ACA019A71AEE121D00221981 /* Biponee */ = {
			isa = PBXGroup;
			children = (
				ACA019AA1AEE121D00221981 /* AppDelegate.swift */,
				ACA019AC1AEE121D00221981 /* ViewController.swift */,
				ACA019AE1AEE121D00221981 /* Main.storyboard */,
				ACA019B11AEE121D00221981 /* Images.xcassets */,
				ACA019B31AEE121D00221981 /* LaunchScreen.xib */,
				ACA019A81AEE121D00221981 /* Supporting Files */,
			);
			path = Biponee;
			sourceTree = "<group>";
		};
		ACA019A81AEE121D00221981 /* Supporting Files */ = {
			isa = PBXGroup;
			children = (
				ACA019A91AEE121D00221981 /* Info.plist */,
			);
			name = "Supporting Files";
			sourceTree = "<group>";
		};
		ACA019BD1AEE121D00221981 /* BiponeeTests */ = {
			isa = PBXGroup;
			children = (
				ACA019C01AEE121D00221981 /* BiponeeTests.swift */,
				ACA019BE1AEE121D00221981 /* Supporting Files */,
			);
			path = BiponeeTests;
			sourceTree = "<group>";
		};
		ACA019BE1AEE121D00221981 /* Supporting Files */ = {
			isa = PBXGroup;
			children = (
				ACA019BF1AEE121D00221981 /* Info.plist */,
			);
			name = "Supporting Files";
			sourceTree = "<group>";
		};
/* End PBXGroup section */

/* Begin PBXNativeTarget section */
		ACA019A41AEE121D00221981 /* Biponee */ = {
			isa = PBXNativeTarget;
			buildConfigurationList = ACA019C41AEE121D00221981 /* Build configuration list for PBXNativeTarget "Biponee" */;
			buildPhases = (
				ACA019A11AEE121D00221981 /* Sources */,
				ACA019A21AEE121D00221981 /* Frameworks */,
				ACA019A31AEE121D00221981 /* Resources */,
			);
			buildRules = (
			);
			dependencies = (
			);
			name = Biponee;
			productName = Biponee;
			productReference = ACA019A51AEE121D00221981 /* Biponee.app */;
			productType = "com.apple.product-type.application";
		};
		ACA019B91AEE121D00221981 /* BiponeeTests */ = {
			isa = PBXNativeTarget;
			buildConfigurationList = ACA019C71AEE121D00221981 /* Build configuration list for PBXNativeTarget "BiponeeTests" */;
			buildPhases = (
				ACA019B61AEE121D00221981 /* Sources */,
				ACA019B71AEE121D00221981 /* Frameworks */,
				ACA019B81AEE121D00221981 /* Resources */,
			);
			buildRules = (
			);
			dependencies = (
				ACA019BC1AEE121D00221981 /* PBXTargetDependency */,
			);
			name = BiponeeTests;
			productName = BiponeeTests;
			productReference = ACA019BA1AEE121D00221981 /* BiponeeTests.xctest */;
			productType = "com.apple.product-type.bundle.unit-test";
		};
/* End PBXNativeTarget section */

/* Begin PBXProject section */
		ACA0199D1AEE121D00221981 /* Project object */ = {
			isa = PBXProject;
			attributes = {
				LastUpgradeCheck = 0630;
				ORGANIZATIONNAME = "BS-23";
				TargetAttributes = {
					ACA019A41AEE121D00221981 = {
						CreatedOnToolsVersion = 6.3.1;
					};
					ACA019B91AEE121D00221981 = {
						CreatedOnToolsVersion = 6.3.1;
						TestTargetID = ACA019A41AEE121D00221981;
					};
				};
			};
			buildConfigurationList = ACA019A01AEE121D00221981 /* Build configuration list for PBXProject "Biponee" */;
			compatibilityVersion = "Xcode 3.2";
			developmentRegion = English;
			hasScannedForEncodings = 0;
			knownRegions = (
				en,
				Base,
			);
			mainGroup = ACA0199C1AEE121D00221981;
			productRefGroup = ACA019A61AEE121D00221981 /* Products */;
			projectDirPath = "";
			projectRoot = "";
			targets = (
				ACA019A41AEE121D00221981 /* Biponee */,
				ACA019B91AEE121D00221981 /* BiponeeTests */,
			);
		};
/* End PBXProject section */

/* Begin PBXResourcesBuildPhase section */
		ACA019A31AEE121D00221981 /* Resources */ = {
			isa = PBXResourcesBuildPhase;
			buildActionMask = 2147483647;
			files = (
				ACA019B01AEE121D00221981 /* Main.storyboard in Resources */,
				ACA019B51AEE121D00221981 /* LaunchScreen.xib in Resources */,
				ACA019B21AEE121D00221981 /* Images.xcassets in Resources */,
			);
			runOnlyForDeploymentPostprocessing = 0;
		};
		ACA019B81AEE121D00221981 /* Resources */ = {
			isa = PBXResourcesBuildPhase;
			buildActionMask = 2147483647;
			files = (
			);
			runOnlyForDeploymentPostprocessing = 0;
		};
/* End PBXResourcesBuildPhase section */

/* Begin PBXSourcesBuildPhase section */
		ACA019A11AEE121D00221981 /* Sources */ = {
			isa = PBXSourcesBuildPhase;
			buildActionMask = 2147483647;
			files = (
				ACA019AD1AEE121D00221981 /* ViewController.swift in Sources */,
				ACA019AB1AEE121D00221981 /* AppDelegate.swift in Sources */,
			);
			runOnlyForDeploymentPostprocessing = 0;
		};
		ACA019B61AEE121D00221981 /* Sources */ = {
			isa = PBXSourcesBuildPhase;
			buildActionMask = 2147483647;
			files = (
				ACA019C11AEE121D00221981 /* BiponeeTests.swift in Sources */,
			);
			runOnlyForDeploymentPostprocessing = 0;
		};
/* End PBXSourcesBuildPhase section */

/* Begin PBXTargetDependency section */
		ACA019BC1AEE121D00221981 /* PBXTargetDependency */ = {
			isa = PBXTargetDependency;
			target = ACA019A41AEE121D00221981 /* Biponee */;
			targetProxy = ACA019BB1AEE121D00221981 /* PBXContainerItemProxy */;
		};
/* End PBXTargetDependency section */

/* Begin PBXVariantGroup section */
		ACA019AE1AEE121D00221981 /* Main.storyboard */ = {
			isa = PBXVariantGroup;
			children = (
				ACA019AF1AEE121D00221981 /* Base */,
			);
			name = Main.storyboard;
			sourceTree = "<group>";
		};
		ACA019B31AEE121D00221981 /* LaunchScreen.xib */ = {
			isa = PBXVariantGroup;
			children = (
				ACA019B41AEE121D00221981 /* Base */,
			);
			name = LaunchScreen.xib;
			sourceTree = "<group>";
		};
/* End PBXVariantGroup section */

/* Begin XCBuildConfiguration section */
		ACA019C21AEE121D00221981 /* Debug */ = {
			isa = XCBuildConfiguration;
			buildSettings = {
				ALWAYS_SEARCH_USER_PATHS = NO;
				CLANG_CXX_LANGUAGE_STANDARD = "gnu++0x";
				CLANG_CXX_LIBRARY = "libc++";
				CLANG_ENABLE_MODULES = YES;
				CLANG_ENABLE_OBJC_ARC = YES;
				CLANG_WARN_BOOL_CONVERSION = YES;
				CLANG_WARN_CONSTANT_CONVERSION = YES;
				CLANG_WARN_DIRECT_OBJC_ISA_USAGE = YES_ERROR;
				CLANG_WARN_EMPTY_BODY = YES;
				CLANG_WARN_ENUM_CONVERSION = YES;
				CLANG_WARN_INT_CONVERSION = YES;
				CLANG_WARN_OBJC_ROOT_CLASS = YES_ERROR;
				CLANG_WARN_UNREACHABLE_CODE = YES;
				CLANG_WARN__DUPLICATE_METHOD_MATCH = YES;
				"CODE_SIGN_IDENTITY[sdk=iphoneos*]" = "iPhone Developer";
				COPY_PHASE_STRIP = NO;
				DEBUG_INFORMATION_FORMAT = "dwarf-with-dsym";
				ENABLE_STRICT_OBJC_MSGSEND = YES;
				GCC_C_LANGUAGE_STANDARD = gnu99;
				GCC_DYNAMIC_NO_PIC = NO;
				GCC_NO_COMMON_BLOCKS = YES;
				GCC_OPTIMIZATION_LEVEL = 0;
				GCC_PREPROCESSOR_DEFINITIONS = (
					"DEBUG=1",
					"$(inherited)",
				);
				GCC_SYMBOLS_PRIVATE_EXTERN = NO;
				GCC_WARN_64_TO_32_BIT_CONVERSION = YES;
				GCC_WARN_ABOUT_RETURN_TYPE = YES_ERROR;
				GCC_WARN_UNDECLARED_SELECTOR = YES;
				GCC_WARN_UNINITIALIZED_AUTOS = YES_AGGRESSIVE;
				GCC_WARN_UNUSED_FUNCTION = YES;
				GCC_WARN_UNUSED_VARIABLE = YES;
				IPHONEOS_DEPLOYMENT_TARGET = 8.3;
				MTL_ENABLE_DEBUG_INFO = YES;
				ONLY_ACTIVE_ARCH = YES;
				SDKROOT = iphoneos;
				SWIFT_OPTIMIZATION_LEVEL = "-Onone";
				TARGETED_DEVICE_FAMILY = "1,2";
			};
			name = Debug;
		};
		ACA019C31AEE121D00221981 /* Release */ = {
			isa = XCBuildConfiguration;
			buildSettings = {
				ALWAYS_SEARCH_USER_PATHS = NO;
				CLANG_CXX_LANGUAGE_STANDARD = "gnu++0x";
				CLANG_CXX_LIBRARY = "libc++";
				CLANG_ENABLE_MODULES = YES;
				CLANG_ENABLE_OBJC_ARC = YES;
				CLANG_WARN_BOOL_CONVERSION = YES;
				CLANG_WARN_CONSTANT_CONVERSION = YES;
				CLANG_WARN_DIRECT_OBJC_ISA_USAGE = YES_ERROR;
				CLANG_WARN_EMPTY_BODY = YES;
				CLANG_WARN_ENUM_CONVERSION = YES;
				CLANG_WARN_INT_CONVERSION = YES;
				CLANG_WARN_OBJC_ROOT_CLASS = YES_ERROR;
				CLANG_WARN_UNREACHABLE_CODE = YES;
				CLANG_WARN__DUPLICATE_METHOD_MATCH = YES;
				"CODE_SIGN_IDENTITY[sdk=iphoneos*]" = "iPhone Developer";
				COPY_PHASE_STRIP = NO;
				DEBUG_INFORMATION_FORMAT = "dwarf-with-dsym";
				ENABLE_NS_ASSERTIONS = NO;
				ENABLE_STRICT_OBJC_MSGSEND = YES;
				GCC_C_LANGUAGE_STANDARD = gnu99;
				GCC_NO_COMMON_BLOCKS = YES;
				GCC_WARN_64_TO_32_BIT_CONVERSION = YES;
				GCC_WARN_ABOUT_RETURN_TYPE = YES_ERROR;
				GCC_WARN_UNDECLARED_SELECTOR = YES;
				GCC_WARN_UNINITIALIZED_AUTOS = YES_AGGRESSIVE;
				GCC_WARN_UNUSED_FUNCTION = YES;
				GCC_WARN_UNUSED_VARIABLE = YES;
				IPHONEOS_DEPLOYMENT_TARGET = 8.3;
				MTL_ENABLE_DEBUG_INFO = NO;
				SDKROOT = iphoneos;
				TARGETED_DEVICE_FAMILY = "1,2";
				VALIDATE_PRODUCT = YES;
			};
			name = Release;
		};
		ACA019C51AEE121D00221981 /* Debug */ = {
			isa = XCBuildConfiguration;
			buildSettings = {
				ASSETCATALOG_COMPILER_APPICON_NAME = AppIcon;
				INFOPLIST_FILE = Biponee/Info.plist;
				LD_RUNPATH_SEARCH_PATHS = "$(inherited) @executable_path/Frameworks";
				PRODUCT_NAME = "$(TARGET_NAME)";
			};
			name = Debug;
		};
		ACA019C61AEE121D00221981 /* Release */ = {
			isa = XCBuildConfiguration;
			buildSettings = {
				ASSETCATALOG_COMPILER_APPICON_NAME = AppIcon;
				INFOPLIST_FILE = Biponee/Info.plist;
				LD_RUNPATH_SEARCH_PATHS = "$(inherited) @executable_path/Frameworks";
				PRODUCT_NAME = "$(TARGET_NAME)";
			};
			name = Release;
		};
		ACA019C81AEE121D00221981 /* Debug */ = {
			isa = XCBuildConfiguration;
			buildSettings = {
				BUNDLE_LOADER = "$(TEST_HOST)";
				FRAMEWORK_SEARCH_PATHS = (
					"$(SDKROOT)/Developer/Library/Frameworks",
					"$(inherited)",
				);
				GCC_PREPROCESSOR_DEFINITIONS = (
					"DEBUG=1",
					"$(inherited)",
				);
				INFOPLIST_FILE = BiponeeTests/Info.plist;
				LD_RUNPATH_SEARCH_PATHS = "$(inherited) @executable_path/Frameworks @loader_path/Frameworks";
				PRODUCT_NAME = "$(TARGET_NAME)";
				TEST_HOST = "$(BUILT_PRODUCTS_DIR)/Biponee.app/Biponee";
			};
			name = Debug;
		};
		ACA019C91AEE121D00221981 /* Release */ = {
			isa = XCBuildConfiguration;
			buildSettings = {
				BUNDLE_LOADER = "$(TEST_HOST)";
				FRAMEWORK_SEARCH_PATHS = (
					"$(SDKROOT)/Developer/Library/Frameworks",
					"$(inherited)",
				);
				INFOPLIST_FILE = BiponeeTests/Info.plist;
				LD_RUNPATH_SEARCH_PATHS = "$(inherited) @executable_path/Frameworks @loader_path/Frameworks";
				PRODUCT_NAME = "$(TARGET_NAME)";
				TEST_HOST = "$(BUILT_PRODUCTS_DIR)/Biponee.app/Biponee";
			};
			name = Release;
		};
/* End XCBuildConfiguration section */

/* Begin XCConfigurationList section */
		ACA019A01AEE121D00221981 /* Build configuration list for PBXProject "Biponee" */ = {
			isa = XCConfigurationList;
			buildConfigurations = (
				ACA019C21AEE121D00221981 /* Debug */,
				ACA019C31AEE121D00221981 /* Release */,
			);
			defaultConfigurationIsVisible = 0;
			defaultConfigurationName = Release;
		};
		ACA019C41AEE121D00221981 /* Build configuration list for PBXNativeTarget "Biponee" */ = {
			isa = XCConfigurationList;
			buildConfigurations = (
				ACA019C51AEE121D00221981 /* Debug */,
				ACA019C61AEE121D00221981 /* Release */,
			);
			defaultConfigurationIsVisible = 0;
		};
		ACA019C71AEE121D00221981 /* Build configuration list for PBXNativeTarget "BiponeeTests" */ = {
			isa = XCConfigurationList;
			buildConfigurations = (
				ACA019C81AEE121D00221981 /* Debug */,
				ACA019C91AEE121D00221981 /* Release */,
			);
			defaultConfigurationIsVisible = 0;
		};
/* End XCConfigurationList section */
	};
	rootObject = ACA0199D1AEE121D00221981 /* Project object */;
}
